// !$*UTF8*$!
{
	archiveVersion = 1;
	classes = {
	};
	objectVersion = 46;
	objects = {

/* Begin PBXBuildFile section */
		B3832CDF173D7AB3009915E6 /* UIKit.framework in Frameworks */ = {isa = PBXBuildFile; fileRef = B3832CDE173D7AB3009915E6 /* UIKit.framework */; };
		B3832CE1173D7AB3009915E6 /* Foundation.framework in Frameworks */ = {isa = PBXBuildFile; fileRef = B3832CE0173D7AB3009915E6 /* Foundation.framework */; };
		B3832CE3173D7AB3009915E6 /* CoreGraphics.framework in Frameworks */ = {isa = PBXBuildFile; fileRef = B3832CE2173D7AB3009915E6 /* CoreGraphics.framework */; };
		B3832CE9173D7AB3009915E6 /* InfoPlist.strings in Resources */ = {isa = PBXBuildFile; fileRef = B3832CE7173D7AB3009915E6 /* InfoPlist.strings */; };
		B3832CEB173D7AB3009915E6 /* main.m in Sources */ = {isa = PBXBuildFile; fileRef = B3832CEA173D7AB3009915E6 /* main.m */; };
		B3832CEF173D7AB3009915E6 /* MLAppDelegate.m in Sources */ = {isa = PBXBuildFile; fileRef = B3832CEE173D7AB3009915E6 /* MLAppDelegate.m */; };
		B3832CF1173D7AB3009915E6 /* Default.png in Resources */ = {isa = PBXBuildFile; fileRef = B3832CF0173D7AB3009915E6 /* Default.png */; };
		B3832CF3173D7AB3009915E6 /* Default@2x.png in Resources */ = {isa = PBXBuildFile; fileRef = B3832CF2173D7AB3009915E6 /* Default@2x.png */; };
		B3832CF5173D7AB3009915E6 /* Default-568h@2x.png in Resources */ = {isa = PBXBuildFile; fileRef = B3832CF4173D7AB3009915E6 /* Default-568h@2x.png */; };
		B3832CF8173D7AB3009915E6 /* MainStoryboard.storyboard in Resources */ = {isa = PBXBuildFile; fileRef = B3832CF6173D7AB3009915E6 /* MainStoryboard.storyboard */; };
		B3832CFB173D7AB3009915E6 /* MLViewController.m in Sources */ = {isa = PBXBuildFile; fileRef = B3832CFA173D7AB3009915E6 /* MLViewController.m */; };
		B3832D02173D7C8A009915E6 /* QuartzCore.framework in Frameworks */ = {isa = PBXBuildFile; fileRef = B3832D01173D7C8A009915E6 /* QuartzCore.framework */; };
/* End PBXBuildFile section */

/* Begin PBXFileReference section */
		B3832CDB173D7AB3009915E6 /* AllAxis.app */ = {isa = PBXFileReference; explicitFileType = wrapper.application; includeInIndex = 0; path = AllAxis.app; sourceTree = BUILT_PRODUCTS_DIR; };
		B3832CDE173D7AB3009915E6 /* UIKit.framework */ = {isa = PBXFileReference; lastKnownFileType = wrapper.framework; name = UIKit.framework; path = System/Library/Frameworks/UIKit.framework; sourceTree = SDKROOT; };
		B3832CE0173D7AB3009915E6 /* Foundation.framework */ = {isa = PBXFileReference; lastKnownFileType = wrapper.framework; name = Foundation.framework; path = System/Library/Frameworks/Foundation.framework; sourceTree = SDKROOT; };
		B3832CE2173D7AB3009915E6 /* CoreGraphics.framework */ = {isa = PBXFileReference; lastKnownFileType = wrapper.framework; name = CoreGraphics.framework; path = System/Library/Frameworks/CoreGraphics.framework; sourceTree = SDKROOT; };
		B3832CE6173D7AB3009915E6 /* AllAxis-Info.plist */ = {isa = PBXFileReference; lastKnownFileType = text.plist.xml; path = "AllAxis-Info.plist"; sourceTree = "<group>"; };
		B3832CE8173D7AB3009915E6 /* en */ = {isa = PBXFileReference; lastKnownFileType = text.plist.strings; name = en; path = en.lproj/InfoPlist.strings; sourceTree = "<group>"; };
		B3832CEA173D7AB3009915E6 /* main.m */ = {isa = PBXFileReference; lastKnownFileType = sourcecode.c.objc; path = main.m; sourceTree = "<group>"; };
		B3832CEC173D7AB3009915E6 /* AllAxis-Prefix.pch */ = {isa = PBXFileReference; lastKnownFileType = sourcecode.c.h; path = "AllAxis-Prefix.pch"; sourceTree = "<group>"; };
		B3832CED173D7AB3009915E6 /* MLAppDelegate.h */ = {isa = PBXFileReference; lastKnownFileType = sourcecode.c.h; path = MLAppDelegate.h; sourceTree = "<group>"; };
		B3832CEE173D7AB3009915E6 /* MLAppDelegate.m */ = {isa = PBXFileReference; lastKnownFileType = sourcecode.c.objc; path = MLAppDelegate.m; sourceTree = "<group>"; };
		B3832CF0173D7AB3009915E6 /* Default.png */ = {isa = PBXFileReference; lastKnownFileType = image.png; path = Default.png; sourceTree = "<group>"; };
		B3832CF2173D7AB3009915E6 /* Default@2x.png */ = {isa = PBXFileReference; lastKnownFileType = image.png; path = "Default@2x.png"; sourceTree = "<group>"; };
		B3832CF4173D7AB3009915E6 /* Default-568h@2x.png */ = {isa = PBXFileReference; lastKnownFileType = image.png; path = "Default-568h@2x.png"; sourceTree = "<group>"; };
		B3832CF7173D7AB3009915E6 /* en */ = {isa = PBXFileReference; lastKnownFileType = file.storyboard; name = en; path = en.lproj/MainStoryboard.storyboard; sourceTree = "<group>"; };
		B3832CF9173D7AB3009915E6 /* MLViewController.h */ = {isa = PBXFileReference; lastKnownFileType = sourcecode.c.h; path = MLViewController.h; sourceTree = "<group>"; };
		B3832CFA173D7AB3009915E6 /* MLViewController.m */ = {isa = PBXFileReference; lastKnownFileType = sourcecode.c.objc; path = MLViewController.m; sourceTree = "<group>"; };
		B3832D01173D7C8A009915E6 /* QuartzCore.framework */ = {isa = PBXFileReference; lastKnownFileType = wrapper.framework; name = QuartzCore.framework; path = System/Library/Frameworks/QuartzCore.framework; sourceTree = SDKROOT; };
/* End PBXFileReference section */

/* Begin PBXFrameworksBuildPhase section */
		B3832CD8173D7AB3009915E6 /* Frameworks */ = {
			isa = PBXFrameworksBuildPhase;
			buildActionMask = 2147483647;
			files = (
				B3832D02173D7C8A009915E6 /* QuartzCore.framework in Frameworks */,
				B3832CDF173D7AB3009915E6 /* UIKit.framework in Frameworks */,
				B3832CE1173D7AB3009915E6 /* Foundation.framework in Frameworks */,
				B3832CE3173D7AB3009915E6 /* CoreGraphics.framework in Frameworks */,
			);
			runOnlyForDeploymentPostprocessing = 0;
		};
/* End PBXFrameworksBuildPhase section */

/* Begin PBXGroup section */
		B3832CD2173D7AB3009915E6 = {
			isa = PBXGroup;
			children = (
				B3832CE4173D7AB3009915E6 /* AllAxis */,
				B3832CDD173D7AB3009915E6 /* Frameworks */,
				B3832CDC173D7AB3009915E6 /* Products */,
			);
			sourceTree = "<group>";
		};
		B3832CDC173D7AB3009915E6 /* Products */ = {
			isa = PBXGroup;
			children = (
				B3832CDB173D7AB3009915E6 /* AllAxis.app */,
			);
			name = Products;
			sourceTree = "<group>";
		};
		B3832CDD173D7AB3009915E6 /* Frameworks */ = {
			isa = PBXGroup;
			children = (
				B3832D01173D7C8A009915E6 /* QuartzCore.framework */,
				B3832CDE173D7AB3009915E6 /* UIKit.framework */,
				B3832CE0173D7AB3009915E6 /* Foundation.framework */,
				B3832CE2173D7AB3009915E6 /* CoreGraphics.framework */,
			);
			name = Frameworks;
			sourceTree = "<group>";
		};
		B3832CE4173D7AB3009915E6 /* AllAxis */ = {
			isa = PBXGroup;
			children = (
				B3832CED173D7AB3009915E6 /* MLAppDelegate.h */,
				B3832CEE173D7AB3009915E6 /* MLAppDelegate.m */,
				B3832CF6173D7AB3009915E6 /* MainStoryboard.storyboard */,
				B3832CF9173D7AB3009915E6 /* MLViewController.h */,
				B3832CFA173D7AB3009915E6 /* MLViewController.m */,
				B3832CE5173D7AB3009915E6 /* Supporting Files */,
			);
			path = AllAxis;
			sourceTree = "<group>";
		};
		B3832CE5173D7AB3009915E6 /* Supporting Files */ = {
			isa = PBXGroup;
			children = (
				B3832CE6173D7AB3009915E6 /* AllAxis-Info.plist */,
				B3832CE7173D7AB3009915E6 /* InfoPlist.strings */,
				B3832CEA173D7AB3009915E6 /* main.m */,
				B3832CEC173D7AB3009915E6 /* AllAxis-Prefix.pch */,
				B3832CF0173D7AB3009915E6 /* Default.png */,
				B3832CF2173D7AB3009915E6 /* Default@2x.png */,
				B3832CF4173D7AB3009915E6 /* Default-568h@2x.png */,
			);
			name = "Supporting Files";
			sourceTree = "<group>";
		};
/* End PBXGroup section */

/* Begin PBXNativeTarget section */
		B3832CDA173D7AB3009915E6 /* AllAxis */ = {
			isa = PBXNativeTarget;
			buildConfigurationList = B3832CFE173D7AB3009915E6 /* Build configuration list for PBXNativeTarget "AllAxis" */;
			buildPhases = (
				B3832CD7173D7AB3009915E6 /* Sources */,
				B3832CD8173D7AB3009915E6 /* Frameworks */,
				B3832CD9173D7AB3009915E6 /* Resources */,
			);
			buildRules = (
			);
			dependencies = (
			);
			name = AllAxis;
			productName = AllAxis;
			productReference = B3832CDB173D7AB3009915E6 /* AllAxis.app */;
			productType = "com.apple.product-type.application";
		};
/* End PBXNativeTarget section */

/* Begin PBXProject section */
		B3832CD3173D7AB3009915E6 /* Project object */ = {
			isa = PBXProject;
			attributes = {
				CLASSPREFIX = ML;
				LastUpgradeCheck = 0460;
				ORGANIZATIONNAME = "Matt Long";
			};
			buildConfigurationList = B3832CD6173D7AB3009915E6 /* Build configuration list for PBXProject "AllAxis" */;
			compatibilityVersion = "Xcode 3.2";
			developmentRegion = English;
			hasScannedForEncodings = 0;
			knownRegions = (
				en,
			);
			mainGroup = B3832CD2173D7AB3009915E6;
			productRefGroup = B3832CDC173D7AB3009915E6 /* Products */;
			projectDirPath = "";
			projectRoot = "";
			targets = (
				B3832CDA173D7AB3009915E6 /* AllAxis */,
			);
		};
/* End PBXProject section */

/* Begin PBXResourcesBuildPhase section */
		B3832CD9173D7AB3009915E6 /* Resources */ = {
			isa = PBXResourcesBuildPhase;
			buildActionMask = 2147483647;
			files = (
				B3832CE9173D7AB3009915E6 /* InfoPlist.strings in Resources */,
				B3832CF1173D7AB3009915E6 /* Default.png in Resources */,
				B3832CF3173D7AB3009915E6 /* Default@2x.png in Resources */,
				B3832CF5173D7AB3009915E6 /* Default-568h@2x.png in Resources */,
				B3832CF8173D7AB3009915E6 /* MainStoryboard.storyboard in Resources */,
			);
			runOnlyForDeploymentPostprocessing = 0;
		};
/* End PBXResourcesBuildPhase section */

/* Begin PBXSourcesBuildPhase section */
		B3832CD7173D7AB3009915E6 /* Sources */ = {
			isa = PBXSourcesBuildPhase;
			buildActionMask = 2147483647;
			files = (
				B3832CEB173D7AB3009915E6 /* main.m in Sources */,
				B3832CEF173D7AB3009915E6 /* MLAppDelegate.m in Sources */,
				B3832CFB173D7AB3009915E6 /* MLViewController.m in Sources */,
			);
			runOnlyForDeploymentPostprocessing = 0;
		};
/* End PBXSourcesBuildPhase section */

/* Begin PBXVariantGroup section */
		B3832CE7173D7AB3009915E6 /* InfoPlist.strings */ = {
			isa = PBXVariantGroup;
			children = (
				B3832CE8173D7AB3009915E6 /* en */,
			);
			name = InfoPlist.strings;
			sourceTree = "<group>";
		};
		B3832CF6173D7AB3009915E6 /* MainStoryboard.storyboard */ = {
			isa = PBXVariantGroup;
			children = (
				B3832CF7173D7AB3009915E6 /* en */,
			);
			name = MainStoryboard.storyboard;
			sourceTree = "<group>";
		};
/* End PBXVariantGroup section */

/* Begin XCBuildConfiguration section */
		B3832CFC173D7AB3009915E6 /* Debug */ = {
			isa = XCBuildConfiguration;
			buildSettings = {
				ALWAYS_SEARCH_USER_PATHS = NO;
				CLANG_CXX_LANGUAGE_STANDARD = "gnu++0x";
				CLANG_CXX_LIBRARY = "libc++";
				CLANG_ENABLE_OBJC_ARC = YES;
				CLANG_WARN_CONSTANT_CONVERSION = YES;
				CLANG_WARN_EMPTY_BODY = YES;
				CLANG_WARN_ENUM_CONVERSION = YES;
				CLANG_WARN_INT_CONVERSION = YES;
				CLANG_WARN__DUPLICATE_METHOD_MATCH = YES;
				"CODE_SIGN_IDENTITY[sdk=iphoneos*]" = "iPhone Developer";
				COPY_PHASE_STRIP = NO;
				GCC_C_LANGUAGE_STANDARD = gnu99;
				GCC_DYNAMIC_NO_PIC = NO;
				GCC_OPTIMIZATION_LEVEL = 0;
				GCC_PREPROCESSOR_DEFINITIONS = (
					"DEBUG=1",
					"$(inherited)",
				);
				GCC_SYMBOLS_PRIVATE_EXTERN = NO;
				GCC_WARN_ABOUT_RETURN_TYPE = YES;
				GCC_WARN_UNINITIALIZED_AUTOS = YES;
				GCC_WARN_UNUSED_VARIABLE = YES;
				IPHONEOS_DEPLOYMENT_TARGET = 6.1;
				ONLY_ACTIVE_ARCH = YES;
				SDKROOT = iphoneos;
				TARGETED_DEVICE_FAMILY = 2;
			};
			name = Debug;
		};
		B3832CFD173D7AB3009915E6 /* Release */ = {
			isa = XCBuildConfiguration;
			buildSettings = {
				ALWAYS_SEARCH_USER_PATHS = NO;
				CLANG_CXX_LANGUAGE_STANDARD = "gnu++0x";
				CLANG_CXX_LIBRARY = "libc++";
				CLANG_ENABLE_OBJC_ARC = YES;
				CLANG_WARN_CONSTANT_CONVERSION = YES;
				CLANG_WARN_EMPTY_BODY = YES;
				CLANG_WARN_ENUM_CONVERSION = YES;
				CLANG_WARN_INT_CONVERSION = YES;
				CLANG_WARN__DUPLICATE_METHOD_MATCH = YES;
				"CODE_SIGN_IDENTITY[sdk=iphoneos*]" = "iPhone Developer";
				COPY_PHASE_STRIP = YES;
				GCC_C_LANGUAGE_STANDARD = gnu99;
				GCC_WARN_ABOUT_RETURN_TYPE = YES;
				GCC_WARN_UNINITIALIZED_AUTOS = YES;
				GCC_WARN_UNUSED_VARIABLE = YES;
				IPHONEOS_DEPLOYMENT_TARGET = 6.1;
				OTHER_CFLAGS = "-DNS_BLOCK_ASSERTIONS=1";
				SDKROOT = iphoneos;
				TARGETED_DEVICE_FAMILY = 2;
				VALIDATE_PRODUCT = YES;
			};
			name = Release;
		};
		B3832CFF173D7AB3009915E6 /* Debug */ = {
			isa = XCBuildConfiguration;
			buildSettings = {
				GCC_PRECOMPILE_PREFIX_HEADER = YES;
				GCC_PREFIX_HEADER = "AllAxis/AllAxis-Prefix.pch";
				INFOPLIST_FILE = "AllAxis/AllAxis-Info.plist";
				PRODUCT_NAME = "$(TARGET_NAME)";
				WRAPPER_EXTENSION = app;
			};
			name = Debug;
		};
		B3832D00173D7AB3009915E6 /* Release */ = {
			isa = XCBuildConfiguration;
			buildSettings = {
				GCC_PRECOMPILE_PREFIX_HEADER = YES;
				GCC_PREFIX_HEADER = "AllAxis/AllAxis-Prefix.pch";
				INFOPLIST_FILE = "AllAxis/AllAxis-Info.plist";
				PRODUCT_NAME = "$(TARGET_NAME)";
				WRAPPER_EXTENSION = app;
			};
			name = Release;
		};
/* End XCBuildConfiguration section */

/* Begin XCConfigurationList section */
		B3832CD6173D7AB3009915E6 /* Build configuration list for PBXProject "AllAxis" */ = {
			isa = XCConfigurationList;
			buildConfigurations = (
				B3832CFC173D7AB3009915E6 /* Debug */,
				B3832CFD173D7AB3009915E6 /* Release */,
			);
			defaultConfigurationIsVisible = 0;
			defaultConfigurationName = Release;
		};
		B3832CFE173D7AB3009915E6 /* Build configuration list for PBXNativeTarget "AllAxis" */ = {
			isa = XCConfigurationList;
			buildConfigurations = (
				B3832CFF173D7AB3009915E6 /* Debug */,
				B3832D00173D7AB3009915E6 /* Release */,
			);
			defaultConfigurationIsVisible = 0;
		};
/* End XCConfigurationList section */
	};
	rootObject = B3832CD3173D7AB3009915E6 /* Project object */;
}
